
Microsoft Visual Studio Solution File, Format Version 12.00
# Visual Studio 2013
VisualStudioVersion = 12.0.20623.1 VSUPREVIEW
MinimumVisualStudioVersion = 10.0.40219.1
Project("{F184B08F-C81C-45F6-A57F-5ABD9991F28F}") = "Find-The-Number", "Find-The-Number.vbproj", "{E5264D98-F0A8-4BAB-AC82-600CBDDB0871}"
EndProject
Global
	GlobalSection(SolutionConfigurationPlatforms) = preSolution
		Debug|Any CPU = Debug|Any CPU
		Release|Any CPU = Release|Any CPU
	EndGlobalSection
	GlobalSection(ProjectConfigurationPlatforms) = postSolution
		{E5264D98-F0A8-4BAB-AC82-600CBDDB0871}.Debug|Any CPU.ActiveCfg = Debug|Any CPU
		{E5264D98-F0A8-4BAB-AC82-600CBDDB0871}.Debug|Any CPU.Build.0 = Debug|Any CPU
		{E5264D98-F0A8-4BAB-AC82-600CBDDB0871}.Release|Any CPU.ActiveCfg = Release|Any CPU
		{E5264D98-F0A8-4BAB-AC82-600CBDDB0871}.Release|Any CPU.Build.0 = Release|Any CPU
	EndGlobalSection
	GlobalSection(SolutionProperties) = preSolution
		HideSolutionNode = FALSE
	EndGlobalSection
EndGlobal
